
Microsoft Visual Studio Solution File, Format Version 12.00
# Visual Studio Version 16
VisualStudioVersion = 16.0.30204.135
MinimumVisualStudioVersion = 10.0.40219.1
Project("{2150E333-8FDC-42A3-9474-1A3956D46DE8}") = "Domain", "Domain", "{9251EE06-DA00-4909-8A47-BD8B4A9D2C59}"
EndProject
Project("{2150E333-8FDC-42A3-9474-1A3956D46DE8}") = "Infra.Bus", "Infra.Bus", "{E4B0A56F-2803-4561-80EA-F86B667FA429}"
EndProject
Project("{FAE04EC0-301F-11D3-BF4B-00C04F79EFBC}") = "MicroRabbit.Domain.Core", "MicroRabbit.Domain.Core\MicroRabbit.Domain.Core.csproj", "{D03EEB81-B251-4FF2-8CA8-ABF19FAE7F14}"
EndProject
Project("{FAE04EC0-301F-11D3-BF4B-00C04F79EFBC}") = "MicroRabbit.Infra.Bus", "MicroRabbit.Infra.Bus\MicroRabbit.Infra.Bus.csproj", "{0ED2CFF2-876D-413D-8FD0-4E17F70D8BD6}"
EndProject
Global
	GlobalSection(SolutionConfigurationPlatforms) = preSolution
		Debug|Any CPU = Debug|Any CPU
		Release|Any CPU = Release|Any CPU
	EndGlobalSection
	GlobalSection(ProjectConfigurationPlatforms) = postSolution
		{D03EEB81-B251-4FF2-8CA8-ABF19FAE7F14}.Debug|Any CPU.ActiveCfg = Debug|Any CPU
		{D03EEB81-B251-4FF2-8CA8-ABF19FAE7F14}.Debug|Any CPU.Build.0 = Debug|Any CPU
		{D03EEB81-B251-4FF2-8CA8-ABF19FAE7F14}.Release|Any CPU.ActiveCfg = Release|Any CPU
		{D03EEB81-B251-4FF2-8CA8-ABF19FAE7F14}.Release|Any CPU.Build.0 = Release|Any CPU
		{0ED2CFF2-876D-413D-8FD0-4E17F70D8BD6}.Debug|Any CPU.ActiveCfg = Debug|Any CPU
		{0ED2CFF2-876D-413D-8FD0-4E17F70D8BD6}.Debug|Any CPU.Build.0 = Debug|Any CPU
		{0ED2CFF2-876D-413D-8FD0-4E17F70D8BD6}.Release|Any CPU.ActiveCfg = Release|Any CPU
		{0ED2CFF2-876D-413D-8FD0-4E17F70D8BD6}.Release|Any CPU.Build.0 = Release|Any CPU
	EndGlobalSection
	GlobalSection(SolutionProperties) = preSolution
		HideSolutionNode = FALSE
	EndGlobalSection
	GlobalSection(NestedProjects) = preSolution
		{D03EEB81-B251-4FF2-8CA8-ABF19FAE7F14} = {9251EE06-DA00-4909-8A47-BD8B4A9D2C59}
		{0ED2CFF2-876D-413D-8FD0-4E17F70D8BD6} = {E4B0A56F-2803-4561-80EA-F86B667FA429}
	EndGlobalSection
	GlobalSection(ExtensibilityGlobals) = postSolution
		SolutionGuid = {54EE4E00-9149-48F6-B6F7-E3E0A00AF0EF}
	EndGlobalSection
EndGlobal
